
Microsoft Visual Studio Solution File, Format Version 12.00
# Visual Studio Version 17
VisualStudioVersion = 17.14.36121.58
MinimumVisualStudioVersion = 10.0.40219.1
Project("{FAE04EC0-301F-11D3-BF4B-00C04F79EFBC}") = "PPAI-Red-Sismica-3K5-G10", "PPAI-Red-Sismica-3K5-G10\PPAI-Red-Sismica-3K5-G10.csproj", "{BEA4E4FF-B875-4693-99C5-693C2F2EBC29}"
EndProject
Global
	GlobalSection(SolutionConfigurationPlatforms) = preSolution
		Debug|Any CPU = Debug|Any CPU
		Release|Any CPU = Release|Any CPU
	EndGlobalSection
	GlobalSection(ProjectConfigurationPlatforms) = postSolution
		{BEA4E4FF-B875-4693-99C5-693C2F2EBC29}.Debug|Any CPU.ActiveCfg = Debug|Any CPU
		{BEA4E4FF-B875-4693-99C5-693C2F2EBC29}.Debug|Any CPU.Build.0 = Debug|Any CPU
		{BEA4E4FF-B875-4693-99C5-693C2F2EBC29}.Release|Any CPU.ActiveCfg = Release|Any CPU
		{BEA4E4FF-B875-4693-99C5-693C2F2EBC29}.Release|Any CPU.Build.0 = Release|Any CPU
	EndGlobalSection
	GlobalSection(SolutionProperties) = preSolution
		HideSolutionNode = FALSE
	EndGlobalSection
	GlobalSection(ExtensibilityGlobals) = postSolution
		SolutionGuid = {A5DC911A-593F-4249-BFA5-4701C3516CD2}
	EndGlobalSection
EndGlobal
